
Microsoft Visual Studio Solution File, Format Version 12.00
# Visual Studio Version 16
VisualStudioVersion = 16.0.29613.14
MinimumVisualStudioVersion = 10.0.40219.1
Project("{8BC9CEB8-8B4A-11D0-8D11-00A0C91BC942}") = "W4_part2", "W4_part2.vcxproj", "{C9C29952-85F2-45CF-83E3-33CD11D0BC74}"
EndProject
Global
	GlobalSection(SolutionConfigurationPlatforms) = preSolution
		Debug|x64 = Debug|x64
		Debug|x86 = Debug|x86
		Release|x64 = Release|x64
		Release|x86 = Release|x86
	EndGlobalSection
	GlobalSection(ProjectConfigurationPlatforms) = postSolution
		{C9C29952-85F2-45CF-83E3-33CD11D0BC74}.Debug|x64.ActiveCfg = Debug|x64
		{C9C29952-85F2-45CF-83E3-33CD11D0BC74}.Debug|x64.Build.0 = Debug|x64
		{C9C29952-85F2-45CF-83E3-33CD11D0BC74}.Debug|x86.ActiveCfg = Debug|Win32
		{C9C29952-85F2-45CF-83E3-33CD11D0BC74}.Debug|x86.Build.0 = Debug|Win32
		{C9C29952-85F2-45CF-83E3-33CD11D0BC74}.Release|x64.ActiveCfg = Release|x64
		{C9C29952-85F2-45CF-83E3-33CD11D0BC74}.Release|x64.Build.0 = Release|x64
		{C9C29952-85F2-45CF-83E3-33CD11D0BC74}.Release|x86.ActiveCfg = Release|Win32
		{C9C29952-85F2-45CF-83E3-33CD11D0BC74}.Release|x86.Build.0 = Release|Win32
	EndGlobalSection
	GlobalSection(SolutionProperties) = preSolution
		HideSolutionNode = FALSE
	EndGlobalSection
	GlobalSection(ExtensibilityGlobals) = postSolution
		SolutionGuid = {0D4267DF-281F-4901-B366-CED53F8C79CD}
	EndGlobalSection
EndGlobal
